// !$*UTF8*$!
{
	archiveVersion = 1;
	classes = {
	};
	objectVersion = 46;
	objects = {

/* Begin PBXBuildFile section */
		156F589B1CDECA25002B919B /* SVProgressHUD.bundle in Resources */ = {isa = PBXBuildFile; fileRef = 156F58981CDECA25002B919B /* SVProgressHUD.bundle */; };
		156F589C1CDECA25002B919B /* SVProgressHUD.m in Sources */ = {isa = PBXBuildFile; fileRef = 156F589A1CDECA25002B919B /* SVProgressHUD.m */; };
		156F58A61CDECAF6002B919B /* ChooseTimeCollectionViewCell.m in Sources */ = {isa = PBXBuildFile; fileRef = 156F589F1CDECAF6002B919B /* ChooseTimeCollectionViewCell.m */; };
		156F58A71CDECAF6002B919B /* ChooseTimeCollectionViewCell.xib in Resources */ = {isa = PBXBuildFile; fileRef = 156F58A01CDECAF6002B919B /* ChooseTimeCollectionViewCell.xib */; };
		156F58A81CDECAF6002B919B /* ChooseTimeViewController.m in Sources */ = {isa = PBXBuildFile; fileRef = 156F58A21CDECAF6002B919B /* ChooseTimeViewController.m */; };
		156F58A91CDECAF6002B919B /* TimerCollectionReusableView.m in Sources */ = {isa = PBXBuildFile; fileRef = 156F58A41CDECAF6002B919B /* TimerCollectionReusableView.m */; };
		156F58AA1CDECAF6002B919B /* TimerCollectionReusableView.xib in Resources */ = {isa = PBXBuildFile; fileRef = 156F58A51CDECAF6002B919B /* TimerCollectionReusableView.xib */; };
		15AF4F171CC5C65100ABC6CB /* Banner.m in Sources */ = {isa = PBXBuildFile; fileRef = 15AF4F141CC5C65100ABC6CB /* Banner.m */; };
		15AF4F181CC5C65100ABC6CB /* Timer.m in Sources */ = {isa = PBXBuildFile; fileRef = 15AF4F161CC5C65100ABC6CB /* Timer.m */; };
		3CFECEF01CC9FE4300BD361D /* citydict.plist in Resources */ = {isa = PBXBuildFile; fileRef = 3CFECEDB1CC9FE4300BD361D /* citydict.plist */; };
		3CFECEF11CC9FE4300BD361D /* CityViewCell.m in Sources */ = {isa = PBXBuildFile; fileRef = 3CFECEDD1CC9FE4300BD361D /* CityViewCell.m */; };
		3CFECEF21CC9FE4300BD361D /* CityViewCell.xib in Resources */ = {isa = PBXBuildFile; fileRef = 3CFECEDE1CC9FE4300BD361D /* CityViewCell.xib */; };
		3CFECEF31CC9FE4300BD361D /* HeadView.m in Sources */ = {isa = PBXBuildFile; fileRef = 3CFECEE01CC9FE4300BD361D /* HeadView.m */; };
		3CFECEF41CC9FE4300BD361D /* HeadView.xib in Resources */ = {isa = PBXBuildFile; fileRef = 3CFECEE11CC9FE4300BD361D /* HeadView.xib */; };
		3CFECEF51CC9FE4300BD361D /* ItemViewCell.m in Sources */ = {isa = PBXBuildFile; fileRef = 3CFECEE31CC9FE4300BD361D /* ItemViewCell.m */; };
		3CFECEF61CC9FE4300BD361D /* ItemViewCell.xib in Resources */ = {isa = PBXBuildFile; fileRef = 3CFECEE41CC9FE4300BD361D /* ItemViewCell.xib */; };
		3CFECEF71CC9FE4300BD361D /* NBSearchController.m in Sources */ = {isa = PBXBuildFile; fileRef = 3CFECEE61CC9FE4300BD361D /* NBSearchController.m */; };
		3CFECEF81CC9FE4300BD361D /* NBSearchResultController.m in Sources */ = {isa = PBXBuildFile; fileRef = 3CFECEE81CC9FE4300BD361D /* NBSearchResultController.m */; };
		3CFECEF91CC9FE4300BD361D /* RootViewController.m in Sources */ = {isa = PBXBuildFile; fileRef = 3CFECEEB1CC9FE4300BD361D /* RootViewController.m */; };
		3CFECEFA1CC9FE4300BD361D /* SearchResult.m in Sources */ = {isa = PBXBuildFile; fileRef = 3CFECEED1CC9FE4300BD361D /* SearchResult.m */; };
		3CFECEFB1CC9FE4300BD361D /* ZWCollectionViewFlowLayout.m in Sources */ = {isa = PBXBuildFile; fileRef = 3CFECEEF1CC9FE4300BD361D /* ZWCollectionViewFlowLayout.m */; };
		3CFECF0F1CC9FEAE00BD361D /* ChineseInclude.m in Sources */ = {isa = PBXBuildFile; fileRef = 3CFECF001CC9FEAE00BD361D /* ChineseInclude.m */; };
		3CFECF101CC9FEAE00BD361D /* ChineseToPinyinResource.m in Sources */ = {isa = PBXBuildFile; fileRef = 3CFECF021CC9FEAE00BD361D /* ChineseToPinyinResource.m */; };
		3CFECF111CC9FEAE00BD361D /* HanyuPinyinOutputFormat.m in Sources */ = {isa = PBXBuildFile; fileRef = 3CFECF041CC9FEAE00BD361D /* HanyuPinyinOutputFormat.m */; };
		3CFECF121CC9FEAE00BD361D /* NSString+PinYin4Cocoa.m in Sources */ = {isa = PBXBuildFile; fileRef = 3CFECF061CC9FEAE00BD361D /* NSString+PinYin4Cocoa.m */; };
		3CFECF131CC9FEAE00BD361D /* PinyinFormatter.m in Sources */ = {isa = PBXBuildFile; fileRef = 3CFECF091CC9FEAE00BD361D /* PinyinFormatter.m */; };
		3CFECF141CC9FEAE00BD361D /* PinYinForObjc.m in Sources */ = {isa = PBXBuildFile; fileRef = 3CFECF0B1CC9FEAE00BD361D /* PinYinForObjc.m */; };
		3CFECF151CC9FEAE00BD361D /* PinyinHelper.m in Sources */ = {isa = PBXBuildFile; fileRef = 3CFECF0D1CC9FEAE00BD361D /* PinyinHelper.m */; };
		3CFECF161CC9FEAE00BD361D /* unicode_to_hanyu_pinyin.txt in Resources */ = {isa = PBXBuildFile; fileRef = 3CFECF0E1CC9FEAE00BD361D /* unicode_to_hanyu_pinyin.txt */; };
		3CFECF191CC9FEBC00BD361D /* NSMutableArray+FilterElement.m in Sources */ = {isa = PBXBuildFile; fileRef = 3CFECF181CC9FEBC00BD361D /* NSMutableArray+FilterElement.m */; };
		4ED47A4090D5062C518823B3 /* libPods.a in Frameworks */ = {isa = PBXBuildFile; fileRef = 3A6BDCDEBEC010026246D599 /* libPods.a */; };
		506337D21CC2524700BF3CA9 /* SignInViewController.m in Sources */ = {isa = PBXBuildFile; fileRef = 506337D11CC2524700BF3CA9 /* SignInViewController.m */; };
		506337D81CC252C800BF3CA9 /* SignUpViewController.m in Sources */ = {isa = PBXBuildFile; fileRef = 506337D71CC252C800BF3CA9 /* SignUpViewController.m */; };
		506337DB1CC2531700BF3CA9 /* ForgetPwdViewController.m in Sources */ = {isa = PBXBuildFile; fileRef = 506337DA1CC2531700BF3CA9 /* ForgetPwdViewController.m */; };
		9A2646BD1CCA034400AE4189 /* MapKit.framework in Frameworks */ = {isa = PBXBuildFile; fileRef = 9A2646BC1CCA034400AE4189 /* MapKit.framework */; };
		9A2646C01CCA176C00AE4189 /* CarDetailViewController.m in Sources */ = {isa = PBXBuildFile; fileRef = 9A2646BF1CCA176C00AE4189 /* CarDetailViewController.m */; };
		9A5D3D411CC32F610014D6C4 /* AppAPIClient.m in Sources */ = {isa = PBXBuildFile; fileRef = 9A5D3D3E1CC32F610014D6C4 /* AppAPIClient.m */; };
		9A5D3D421CC32F610014D6C4 /* RequestAPI.m in Sources */ = {isa = PBXBuildFile; fileRef = 9A5D3D401CC32F610014D6C4 /* RequestAPI.m */; };
		9A5D3D441CC34AE10014D6C4 /* Main.storyboard in Resources */ = {isa = PBXBuildFile; fileRef = 9A5D3D431CC34AE10014D6C4 /* Main.storyboard */; };
		9A7821FE1CC4768900A1F79B /* TabViewController.m in Sources */ = {isa = PBXBuildFile; fileRef = 9A7821FD1CC4768900A1F79B /* TabViewController.m */; };
		9A7822011CC4780B00A1F79B /* LeftViewController.m in Sources */ = {isa = PBXBuildFile; fileRef = 9A7822001CC4780B00A1F79B /* LeftViewController.m */; };
		9A7822041CC4795E00A1F79B /* ZhuanCheViewController.m in Sources */ = {isa = PBXBuildFile; fileRef = 9A7822031CC4795E00A1F79B /* ZhuanCheViewController.m */; };
		9A7822071CC4797900A1F79B /* ZiJiaViewController.m in Sources */ = {isa = PBXBuildFile; fileRef = 9A7822061CC4797900A1F79B /* ZiJiaViewController.m */; };
		9AABE8C11CCF4C78009C0F80 /* 11.jpg in Resources */ = {isa = PBXBuildFile; fileRef = 9AABE8BD1CCF4C78009C0F80 /* 11.jpg */; };
		9AABE8C21CCF4C78009C0F80 /* 12.jpg in Resources */ = {isa = PBXBuildFile; fileRef = 9AABE8BE1CCF4C78009C0F80 /* 12.jpg */; };
		9AABE8C31CCF4C78009C0F80 /* 13.jpg in Resources */ = {isa = PBXBuildFile; fileRef = 9AABE8BF1CCF4C78009C0F80 /* 13.jpg */; };
		9AABE8C41CCF4C78009C0F80 /* 14.jpg in Resources */ = {isa = PBXBuildFile; fileRef = 9AABE8C01CCF4C78009C0F80 /* 14.jpg */; };
		9AABE8C71CCF6A12009C0F80 /* personalViewController.m in Sources */ = {isa = PBXBuildFile; fileRef = 9AABE8C61CCF6A12009C0F80 /* personalViewController.m */; };
		9AB13BCC1CC20F6A001B8869 /* main.m in Sources */ = {isa = PBXBuildFile; fileRef = 9AB13BCB1CC20F6A001B8869 /* main.m */; };
		9AB13BCF1CC20F6A001B8869 /* AppDelegate.m in Sources */ = {isa = PBXBuildFile; fileRef = 9AB13BCE1CC20F6A001B8869 /* AppDelegate.m */; };
		9AB13BD21CC20F6A001B8869 /* ViewController.m in Sources */ = {isa = PBXBuildFile; fileRef = 9AB13BD11CC20F6A001B8869 /* ViewController.m */; };
		9AB13BD81CC20F6A001B8869 /* VCHome.xcdatamodeld in Sources */ = {isa = PBXBuildFile; fileRef = 9AB13BD61CC20F6A001B8869 /* VCHome.xcdatamodeld */; };
		9AB13BDA1CC20F6A001B8869 /* Assets.xcassets in Resources */ = {isa = PBXBuildFile; fileRef = 9AB13BD91CC20F6A001B8869 /* Assets.xcassets */; };
		9AB13BDD1CC20F6A001B8869 /* LaunchScreen.storyboard in Resources */ = {isa = PBXBuildFile; fileRef = 9AB13BDB1CC20F6A001B8869 /* LaunchScreen.storyboard */; };
		9AB13BE81CC20F6A001B8869 /* VCHomeTests.m in Sources */ = {isa = PBXBuildFile; fileRef = 9AB13BE71CC20F6A001B8869 /* VCHomeTests.m */; };
		9AB13BF31CC20F6A001B8869 /* VCHomeUITests.m in Sources */ = {isa = PBXBuildFile; fileRef = 9AB13BF21CC20F6A001B8869 /* VCHomeUITests.m */; };
		9AB13C0A1CC21EB7001B8869 /* StorageMgr.m in Sources */ = {isa = PBXBuildFile; fileRef = 9AB13C071CC21EB7001B8869 /* StorageMgr.m */; };
		9AB13C0B1CC21EB7001B8869 /* Utilities.m in Sources */ = {isa = PBXBuildFile; fileRef = 9AB13C091CC21EB7001B8869 /* Utilities.m */; };
		9AB13C131CC2202A001B8869 /* AudioToolbox.framework in Frameworks */ = {isa = PBXBuildFile; fileRef = 9AB13C121CC2202A001B8869 /* AudioToolbox.framework */; };
		9AB13C151CC2203B001B8869 /* SystemConfiguration.framework in Frameworks */ = {isa = PBXBuildFile; fileRef = 9AB13C141CC2203B001B8869 /* SystemConfiguration.framework */; };
		9AB13C171CC22051001B8869 /* libsqlite3.tbd in Frameworks */ = {isa = PBXBuildFile; fileRef = 9AB13C161CC22051001B8869 /* libsqlite3.tbd */; };
		9AB13C191CC220EF001B8869 /* Social.framework in Frameworks */ = {isa = PBXBuildFile; fileRef = 9AB13C181CC220EF001B8869 /* Social.framework */; };
		9AB13C1B1CC220FB001B8869 /* Accounts.framework in Frameworks */ = {isa = PBXBuildFile; fileRef = 9AB13C1A1CC220FB001B8869 /* Accounts.framework */; };
		9AB13C1D1CC2210C001B8869 /* CoreLocation.framework in Frameworks */ = {isa = PBXBuildFile; fileRef = 9AB13C1C1CC2210C001B8869 /* CoreLocation.framework */; };
		9AB13C1F1CC22117001B8869 /* StoreKit.framework in Frameworks */ = {isa = PBXBuildFile; fileRef = 9AB13C1E1CC22117001B8869 /* StoreKit.framework */; };
		9AB13C211CC222C7001B8869 /* Bolts.framework in Frameworks */ = {isa = PBXBuildFile; fileRef = 9AB13C201CC222C7001B8869 /* Bolts.framework */; };
		9AB13C231CC222D2001B8869 /* Parse.framework in Frameworks */ = {isa = PBXBuildFile; fileRef = 9AB13C221CC222D2001B8869 /* Parse.framework */; };
		9ADF46581CCE18120013D56D /* AboutUsViewController.m in Sources */ = {isa = PBXBuildFile; fileRef = 9ADF46571CCE18120013D56D /* AboutUsViewController.m */; };
		9ADF466D1CCE19610013D56D /* PhotoCollectionViewCell.m in Sources */ = {isa = PBXBuildFile; fileRef = 9ADF46681CCE19610013D56D /* PhotoCollectionViewCell.m */; };
		9ADF466E1CCE19610013D56D /* PlaceholderTextView.m in Sources */ = {isa = PBXBuildFile; fileRef = 9ADF466A1CCE19610013D56D /* PlaceholderTextView.m */; };
		9ADF466F1CCE19610013D56D /* UserFeedBackViewController.m in Sources */ = {isa = PBXBuildFile; fileRef = 9ADF466C1CCE19610013D56D /* UserFeedBackViewController.m */; };
		9ADF46721CCE1A3E0013D56D /* HelpViewController.m in Sources */ = {isa = PBXBuildFile; fileRef = 9ADF46711CCE1A3E0013D56D /* HelpViewController.m */; };
		9AE03C261CC5BFC50027801F /* WJDropdownMenu.m in Sources */ = {isa = PBXBuildFile; fileRef = 9AE03C251CC5BFC50027801F /* WJDropdownMenu.m */; };
		9AE03C291CC5D3830027801F /* ImageTableViewCell.m in Sources */ = {isa = PBXBuildFile; fileRef = 9AE03C281CC5D3830027801F /* ImageTableViewCell.m */; };
		9AE03C2F1CC64DAA0027801F /* KSGuideManager.m in Sources */ = {isa = PBXBuildFile; fileRef = 9AE03C2E1CC64DAA0027801F /* KSGuideManager.m */; };
/* End PBXBuildFile section */

/* Begin PBXContainerItemProxy section */
		9AB13BE41CC20F6A001B8869 /* PBXContainerItemProxy */ = {
			isa = PBXContainerItemProxy;
			containerPortal = 9AB13BBF1CC20F6A001B8869 /* Project object */;
			proxyType = 1;
			remoteGlobalIDString = 9AB13BC61CC20F6A001B8869;
			remoteInfo = VCHome;
		};
		9AB13BEF1CC20F6A001B8869 /* PBXContainerItemProxy */ = {
			isa = PBXContainerItemProxy;
			containerPortal = 9AB13BBF1CC20F6A001B8869 /* Project object */;
			proxyType = 1;
			remoteGlobalIDString = 9AB13BC61CC20F6A001B8869;
			remoteInfo = VCHome;
		};
/* End PBXContainerItemProxy section */

/* Begin PBXFileReference section */
		156F58981CDECA25002B919B /* SVProgressHUD.bundle */ = {isa = PBXFileReference; lastKnownFileType = "wrapper.plug-in"; name = SVProgressHUD.bundle; path = SVProgressHUD/SVProgressHUD.bundle; sourceTree = "<group>"; };
		156F58991CDECA25002B919B /* SVProgressHUD.h */ = {isa = PBXFileReference; fileEncoding = 4; lastKnownFileType = sourcecode.c.h; name = SVProgressHUD.h; path = SVProgressHUD/SVProgressHUD.h; sourceTree = "<group>"; };
		156F589A1CDECA25002B919B /* SVProgressHUD.m */ = {isa = PBXFileReference; fileEncoding = 4; lastKnownFileType = sourcecode.c.objc; name = SVProgressHUD.m; path = SVProgressHUD/SVProgressHUD.m; sourceTree = "<group>"; };
		156F589E1CDECAF6002B919B /* ChooseTimeCollectionViewCell.h */ = {isa = PBXFileReference; fileEncoding = 4; lastKnownFileType = sourcecode.c.h; name = ChooseTimeCollectionViewCell.h; path = "时间选择器/ChooseTimeCollectionViewCell.h"; sourceTree = "<group>"; };
		156F589F1CDECAF6002B919B /* ChooseTimeCollectionViewCell.m */ = {isa = PBXFileReference; fileEncoding = 4; lastKnownFileType = sourcecode.c.objc; name = ChooseTimeCollectionViewCell.m; path = "时间选择器/ChooseTimeCollectionViewCell.m"; sourceTree = "<group>"; };
		156F58A01CDECAF6002B919B /* ChooseTimeCollectionViewCell.xib */ = {isa = PBXFileReference; fileEncoding = 4; lastKnownFileType = file.xib; name = ChooseTimeCollectionViewCell.xib; path = "时间选择器/ChooseTimeCollectionViewCell.xib"; sourceTree = "<group>"; };
		156F58A11CDECAF6002B919B /* ChooseTimeViewController.h */ = {isa = PBXFileReference; fileEncoding = 4; lastKnownFileType = sourcecode.c.h; name = ChooseTimeViewController.h; path = "时间选择器/ChooseTimeViewController.h"; sourceTree = "<group>"; };
		156F58A21CDECAF6002B919B /* ChooseTimeViewController.m */ = {isa = PBXFileReference; fileEncoding = 4; lastKnownFileType = sourcecode.c.objc; name = ChooseTimeViewController.m; path = "时间选择器/ChooseTimeViewController.m"; sourceTree = "<group>"; };
		156F58A31CDECAF6002B919B /* TimerCollectionReusableView.h */ = {isa = PBXFileReference; fileEncoding = 4; lastKnownFileType = sourcecode.c.h; name = TimerCollectionReusableView.h; path = "时间选择器/TimerCollectionReusableView.h"; sourceTree = "<group>"; };
		156F58A41CDECAF6002B919B /* TimerCollectionReusableView.m */ = {isa = PBXFileReference; fileEncoding = 4; lastKnownFileType = sourcecode.c.objc; name = TimerCollectionReusableView.m; path = "时间选择器/TimerCollectionReusableView.m"; sourceTree = "<group>"; };
		156F58A51CDECAF6002B919B /* TimerCollectionReusableView.xib */ = {isa = PBXFileReference; fileEncoding = 4; lastKnownFileType = file.xib; name = TimerCollectionReusableView.xib; path = "时间选择器/TimerCollectionReusableView.xib"; sourceTree = "<group>"; };
		15AF4F131CC5C65100ABC6CB /* Banner.h */ = {isa = PBXFileReference; fileEncoding = 4; lastKnownFileType = sourcecode.c.h; path = Banner.h; sourceTree = "<group>"; };
		15AF4F141CC5C65100ABC6CB /* Banner.m */ = {isa = PBXFileReference; fileEncoding = 4; lastKnownFileType = sourcecode.c.objc; path = Banner.m; sourceTree = "<group>"; };
		15AF4F151CC5C65100ABC6CB /* Timer.h */ = {isa = PBXFileReference; fileEncoding = 4; lastKnownFileType = sourcecode.c.h; path = Timer.h; sourceTree = "<group>"; };
		15AF4F161CC5C65100ABC6CB /* Timer.m */ = {isa = PBXFileReference; fileEncoding = 4; lastKnownFileType = sourcecode.c.objc; path = Timer.m; sourceTree = "<group>"; };
		17F7BD40296FD1A25AE44602 /* Pods.release.xcconfig */ = {isa = PBXFileReference; includeInIndex = 1; lastKnownFileType = text.xcconfig; name = Pods.release.xcconfig; path = "Pods/Target Support Files/Pods/Pods.release.xcconfig"; sourceTree = "<group>"; };
		22A536F5BBE9FD4F85461942 /* Pods.debug.xcconfig */ = {isa = PBXFileReference; includeInIndex = 1; lastKnownFileType = text.xcconfig; name = Pods.debug.xcconfig; path = "Pods/Target Support Files/Pods/Pods.debug.xcconfig"; sourceTree = "<group>"; };
		3A6BDCDEBEC010026246D599 /* libPods.a */ = {isa = PBXFileReference; explicitFileType = archive.ar; includeInIndex = 0; path = libPods.a; sourceTree = BUILT_PRODUCTS_DIR; };
		3CFECEDB1CC9FE4300BD361D /* citydict.plist */ = {isa = PBXFileReference; fileEncoding = 4; lastKnownFileType = text.plist.xml; path = citydict.plist; sourceTree = "<group>"; };
		3CFECEDC1CC9FE4300BD361D /* CityViewCell.h */ = {isa = PBXFileReference; fileEncoding = 4; lastKnownFileType = sourcecode.c.h; path = CityViewCell.h; sourceTree = "<group>"; };
		3CFECEDD1CC9FE4300BD361D /* CityViewCell.m */ = {isa = PBXFileReference; fileEncoding = 4; lastKnownFileType = sourcecode.c.objc; path = CityViewCell.m; sourceTree = "<group>"; };
		3CFECEDE1CC9FE4300BD361D /* CityViewCell.xib */ = {isa = PBXFileReference; fileEncoding = 4; lastKnownFileType = file.xib; path = CityViewCell.xib; sourceTree = "<group>"; };
		3CFECEDF1CC9FE4300BD361D /* HeadView.h */ = {isa = PBXFileReference; fileEncoding = 4; lastKnownFileType = sourcecode.c.h; path = HeadView.h; sourceTree = "<group>"; };
		3CFECEE01CC9FE4300BD361D /* HeadView.m */ = {isa = PBXFileReference; fileEncoding = 4; lastKnownFileType = sourcecode.c.objc; path = HeadView.m; sourceTree = "<group>"; };
		3CFECEE11CC9FE4300BD361D /* HeadView.xib */ = {isa = PBXFileReference; fileEncoding = 4; lastKnownFileType = file.xib; path = HeadView.xib; sourceTree = "<group>"; };
		3CFECEE21CC9FE4300BD361D /* ItemViewCell.h */ = {isa = PBXFileReference; fileEncoding = 4; lastKnownFileType = sourcecode.c.h; path = ItemViewCell.h; sourceTree = "<group>"; };
		3CFECEE31CC9FE4300BD361D /* ItemViewCell.m */ = {isa = PBXFileReference; fileEncoding = 4; lastKnownFileType = sourcecode.c.objc; path = ItemViewCell.m; sourceTree = "<group>"; };
		3CFECEE41CC9FE4300BD361D /* ItemViewCell.xib */ = {isa = PBXFileReference; fileEncoding = 4; lastKnownFileType = file.xib; path = ItemViewCell.xib; sourceTree = "<group>"; };
		3CFECEE51CC9FE4300BD361D /* NBSearchController.h */ = {isa = PBXFileReference; fileEncoding = 4; lastKnownFileType = sourcecode.c.h; path = NBSearchController.h; sourceTree = "<group>"; };
		3CFECEE61CC9FE4300BD361D /* NBSearchController.m */ = {isa = PBXFileReference; fileEncoding = 4; lastKnownFileType = sourcecode.c.objc; path = NBSearchController.m; sourceTree = "<group>"; };
		3CFECEE71CC9FE4300BD361D /* NBSearchResultController.h */ = {isa = PBXFileReference; fileEncoding = 4; lastKnownFileType = sourcecode.c.h; path = NBSearchResultController.h; sourceTree = "<group>"; };
		3CFECEE81CC9FE4300BD361D /* NBSearchResultController.m */ = {isa = PBXFileReference; fileEncoding = 4; lastKnownFileType = sourcecode.c.objc; path = NBSearchResultController.m; sourceTree = "<group>"; };
		3CFECEE91CC9FE4300BD361D /* Public.h */ = {isa = PBXFileReference; fileEncoding = 4; lastKnownFileType = sourcecode.c.h; path = Public.h; sourceTree = "<group>"; };
		3CFECEEA1CC9FE4300BD361D /* RootViewController.h */ = {isa = PBXFileReference; fileEncoding = 4; lastKnownFileType = sourcecode.c.h; path = RootViewController.h; sourceTree = "<group>"; };
		3CFECEEB1CC9FE4300BD361D /* RootViewController.m */ = {isa = PBXFileReference; fileEncoding = 4; lastKnownFileType = sourcecode.c.objc; path = RootViewController.m; sourceTree = "<group>"; };
		3CFECEEC1CC9FE4300BD361D /* SearchResult.h */ = {isa = PBXFileReference; fileEncoding = 4; lastKnownFileType = sourcecode.c.h; path = SearchResult.h; sourceTree = "<group>"; };
		3CFECEED1CC9FE4300BD361D /* SearchResult.m */ = {isa = PBXFileReference; fileEncoding = 4; lastKnownFileType = sourcecode.c.objc; path = SearchResult.m; sourceTree = "<group>"; };
		3CFECEEE1CC9FE4300BD361D /* ZWCollectionViewFlowLayout.h */ = {isa = PBXFileReference; fileEncoding = 4; lastKnownFileType = sourcecode.c.h; path = ZWCollectionViewFlowLayout.h; sourceTree = "<group>"; };
		3CFECEEF1CC9FE4300BD361D /* ZWCollectionViewFlowLayout.m */ = {isa = PBXFileReference; fileEncoding = 4; lastKnownFileType = sourcecode.c.objc; path = ZWCollectionViewFlowLayout.m; sourceTree = "<group>"; };
		3CFECEFF1CC9FEAE00BD361D /* ChineseInclude.h */ = {isa = PBXFileReference; fileEncoding = 4; lastKnownFileType = sourcecode.c.h; path = ChineseInclude.h; sourceTree = "<group>"; };
		3CFECF001CC9FEAE00BD361D /* ChineseInclude.m */ = {isa = PBXFileReference; fileEncoding = 4; lastKnownFileType = sourcecode.c.objc; path = ChineseInclude.m; sourceTree = "<group>"; };
		3CFECF011CC9FEAE00BD361D /* ChineseToPinyinResource.h */ = {isa = PBXFileReference; fileEncoding = 4; lastKnownFileType = sourcecode.c.h; path = ChineseToPinyinResource.h; sourceTree = "<group>"; };
		3CFECF021CC9FEAE00BD361D /* ChineseToPinyinResource.m */ = {isa = PBXFileReference; fileEncoding = 4; lastKnownFileType = sourcecode.c.objc; path = ChineseToPinyinResource.m; sourceTree = "<group>"; };
		3CFECF031CC9FEAE00BD361D /* HanyuPinyinOutputFormat.h */ = {isa = PBXFileReference; fileEncoding = 4; lastKnownFileType = sourcecode.c.h; path = HanyuPinyinOutputFormat.h; sourceTree = "<group>"; };
		3CFECF041CC9FEAE00BD361D /* HanyuPinyinOutputFormat.m */ = {isa = PBXFileReference; fileEncoding = 4; lastKnownFileType = sourcecode.c.objc; path = HanyuPinyinOutputFormat.m; sourceTree = "<group>"; };
		3CFECF051CC9FEAE00BD361D /* NSString+PinYin4Cocoa.h */ = {isa = PBXFileReference; fileEncoding = 4; lastKnownFileType = sourcecode.c.h; path = "NSString+PinYin4Cocoa.h"; sourceTree = "<group>"; };
		3CFECF061CC9FEAE00BD361D /* NSString+PinYin4Cocoa.m */ = {isa = PBXFileReference; fileEncoding = 4; lastKnownFileType = sourcecode.c.objc; path = "NSString+PinYin4Cocoa.m"; sourceTree = "<group>"; };
		3CFECF071CC9FEAE00BD361D /* PinYin4Objc.h */ = {isa = PBXFileReference; fileEncoding = 4; lastKnownFileType = sourcecode.c.h; path = PinYin4Objc.h; sourceTree = "<group>"; };
		3CFECF081CC9FEAE00BD361D /* PinyinFormatter.h */ = {isa = PBXFileReference; fileEncoding = 4; lastKnownFileType = sourcecode.c.h; path = PinyinFormatter.h; sourceTree = "<group>"; };
		3CFECF091CC9FEAE00BD361D /* PinyinFormatter.m */ = {isa = PBXFileReference; fileEncoding = 4; lastKnownFileType = sourcecode.c.objc; path = PinyinFormatter.m; sourceTree = "<group>"; };
		3CFECF0A1CC9FEAE00BD361D /* PinYinForObjc.h */ = {isa = PBXFileReference; fileEncoding = 4; lastKnownFileType = sourcecode.c.h; path = PinYinForObjc.h; sourceTree = "<group>"; };
		3CFECF0B1CC9FEAE00BD361D /* PinYinForObjc.m */ = {isa = PBXFileReference; fileEncoding = 4; lastKnownFileType = sourcecode.c.objc; path = PinYinForObjc.m; sourceTree = "<group>"; };
		3CFECF0C1CC9FEAE00BD361D /* PinyinHelper.h */ = {isa = PBXFileReference; fileEncoding = 4; lastKnownFileType = sourcecode.c.h; path = PinyinHelper.h; sourceTree = "<group>"; };
		3CFECF0D1CC9FEAE00BD361D /* PinyinHelper.m */ = {isa = PBXFileReference; fileEncoding = 4; lastKnownFileType = sourcecode.c.objc; path = PinyinHelper.m; sourceTree = "<group>"; };
		3CFECF0E1CC9FEAE00BD361D /* unicode_to_hanyu_pinyin.txt */ = {isa = PBXFileReference; fileEncoding = 4; lastKnownFileType = text; path = unicode_to_hanyu_pinyin.txt; sourceTree = "<group>"; };
		3CFECF171CC9FEBC00BD361D /* NSMutableArray+FilterElement.h */ = {isa = PBXFileReference; fileEncoding = 4; lastKnownFileType = sourcecode.c.h; path = "NSMutableArray+FilterElement.h"; sourceTree = "<group>"; };
		3CFECF181CC9FEBC00BD361D /* NSMutableArray+FilterElement.m */ = {isa = PBXFileReference; fileEncoding = 4; lastKnownFileType = sourcecode.c.objc; path = "NSMutableArray+FilterElement.m"; sourceTree = "<group>"; };
		506337D01CC2524700BF3CA9 /* SignInViewController.h */ = {isa = PBXFileReference; fileEncoding = 4; lastKnownFileType = sourcecode.c.h; path = SignInViewController.h; sourceTree = "<group>"; };
		506337D11CC2524700BF3CA9 /* SignInViewController.m */ = {isa = PBXFileReference; fileEncoding = 4; lastKnownFileType = sourcecode.c.objc; path = SignInViewController.m; sourceTree = "<group>"; };
		506337D61CC252C800BF3CA9 /* SignUpViewController.h */ = {isa = PBXFileReference; fileEncoding = 4; lastKnownFileType = sourcecode.c.h; path = SignUpViewController.h; sourceTree = "<group>"; };
		506337D71CC252C800BF3CA9 /* SignUpViewController.m */ = {isa = PBXFileReference; fileEncoding = 4; lastKnownFileType = sourcecode.c.objc; path = SignUpViewController.m; sourceTree = "<group>"; };
		506337D91CC2531700BF3CA9 /* ForgetPwdViewController.h */ = {isa = PBXFileReference; fileEncoding = 4; lastKnownFileType = sourcecode.c.h; path = ForgetPwdViewController.h; sourceTree = "<group>"; };
		506337DA1CC2531700BF3CA9 /* ForgetPwdViewController.m */ = {isa = PBXFileReference; fileEncoding = 4; lastKnownFileType = sourcecode.c.objc; path = ForgetPwdViewController.m; sourceTree = "<group>"; };
		9A2646BC1CCA034400AE4189 /* MapKit.framework */ = {isa = PBXFileReference; lastKnownFileType = wrapper.framework; name = MapKit.framework; path = System/Library/Frameworks/MapKit.framework; sourceTree = SDKROOT; };
		9A2646BE1CCA176C00AE4189 /* CarDetailViewController.h */ = {isa = PBXFileReference; fileEncoding = 4; lastKnownFileType = sourcecode.c.h; path = CarDetailViewController.h; sourceTree = "<group>"; };
		9A2646BF1CCA176C00AE4189 /* CarDetailViewController.m */ = {isa = PBXFileReference; fileEncoding = 4; lastKnownFileType = sourcecode.c.objc; path = CarDetailViewController.m; sourceTree = "<group>"; };
		9A5D3D3D1CC32F610014D6C4 /* AppAPIClient.h */ = {isa = PBXFileReference; fileEncoding = 4; lastKnownFileType = sourcecode.c.h; path = AppAPIClient.h; sourceTree = "<group>"; };
		9A5D3D3E1CC32F610014D6C4 /* AppAPIClient.m */ = {isa = PBXFileReference; fileEncoding = 4; lastKnownFileType = sourcecode.c.objc; path = AppAPIClient.m; sourceTree = "<group>"; };
		9A5D3D3F1CC32F610014D6C4 /* RequestAPI.h */ = {isa = PBXFileReference; fileEncoding = 4; lastKnownFileType = sourcecode.c.h; path = RequestAPI.h; sourceTree = "<group>"; };
		9A5D3D401CC32F610014D6C4 /* RequestAPI.m */ = {isa = PBXFileReference; fileEncoding = 4; lastKnownFileType = sourcecode.c.objc; path = RequestAPI.m; sourceTree = "<group>"; };
		9A5D3D431CC34AE10014D6C4 /* Main.storyboard */ = {isa = PBXFileReference; fileEncoding = 4; lastKnownFileType = file.storyboard; path = Main.storyboard; sourceTree = "<group>"; };
		9A7821FC1CC4768900A1F79B /* TabViewController.h */ = {isa = PBXFileReference; fileEncoding = 4; lastKnownFileType = sourcecode.c.h; path = TabViewController.h; sourceTree = "<group>"; };
		9A7821FD1CC4768900A1F79B /* TabViewController.m */ = {isa = PBXFileReference; fileEncoding = 4; lastKnownFileType = sourcecode.c.objc; path = TabViewController.m; sourceTree = "<group>"; };
		9A7821FF1CC4780B00A1F79B /* LeftViewController.h */ = {isa = PBXFileReference; fileEncoding = 4; lastKnownFileType = sourcecode.c.h; path = LeftViewController.h; sourceTree = "<group>"; };
		9A7822001CC4780B00A1F79B /* LeftViewController.m */ = {isa = PBXFileReference; fileEncoding = 4; lastKnownFileType = sourcecode.c.objc; path = LeftViewController.m; sourceTree = "<group>"; };
		9A7822021CC4795E00A1F79B /* ZhuanCheViewController.h */ = {isa = PBXFileReference; fileEncoding = 4; lastKnownFileType = sourcecode.c.h; path = ZhuanCheViewController.h; sourceTree = "<group>"; };
		9A7822031CC4795E00A1F79B /* ZhuanCheViewController.m */ = {isa = PBXFileReference; fileEncoding = 4; lastKnownFileType = sourcecode.c.objc; path = ZhuanCheViewController.m; sourceTree = "<group>"; };
		9A7822051CC4797900A1F79B /* ZiJiaViewController.h */ = {isa = PBXFileReference; fileEncoding = 4; lastKnownFileType = sourcecode.c.h; path = ZiJiaViewController.h; sourceTree = "<group>"; };
		9A7822061CC4797900A1F79B /* ZiJiaViewController.m */ = {isa = PBXFileReference; fileEncoding = 4; lastKnownFileType = sourcecode.c.objc; path = ZiJiaViewController.m; sourceTree = "<group>"; };
		9AABE8BD1CCF4C78009C0F80 /* 11.jpg */ = {isa = PBXFileReference; lastKnownFileType = image.jpeg; path = 11.jpg; sourceTree = "<group>"; };
		9AABE8BE1CCF4C78009C0F80 /* 12.jpg */ = {isa = PBXFileReference; lastKnownFileType = image.jpeg; path = 12.jpg; sourceTree = "<group>"; };
		9AABE8BF1CCF4C78009C0F80 /* 13.jpg */ = {isa = PBXFileReference; lastKnownFileType = image.jpeg; path = 13.jpg; sourceTree = "<group>"; };
		9AABE8C01CCF4C78009C0F80 /* 14.jpg */ = {isa = PBXFileReference; lastKnownFileType = image.jpeg; path = 14.jpg; sourceTree = "<group>"; };
		9AABE8C51CCF6A12009C0F80 /* personalViewController.h */ = {isa = PBXFileReference; fileEncoding = 4; lastKnownFileType = sourcecode.c.h; path = personalViewController.h; sourceTree = "<group>"; };
		9AABE8C61CCF6A12009C0F80 /* personalViewController.m */ = {isa = PBXFileReference; fileEncoding = 4; lastKnownFileType = sourcecode.c.objc; path = personalViewController.m; sourceTree = "<group>"; };
		9AB13BC71CC20F6A001B8869 /* VCHome.app */ = {isa = PBXFileReference; explicitFileType = wrapper.application; includeInIndex = 0; path = VCHome.app; sourceTree = BUILT_PRODUCTS_DIR; };
		9AB13BCB1CC20F6A001B8869 /* main.m */ = {isa = PBXFileReference; lastKnownFileType = sourcecode.c.objc; path = main.m; sourceTree = "<group>"; };
		9AB13BCD1CC20F6A001B8869 /* AppDelegate.h */ = {isa = PBXFileReference; lastKnownFileType = sourcecode.c.h; path = AppDelegate.h; sourceTree = "<group>"; };
		9AB13BCE1CC20F6A001B8869 /* AppDelegate.m */ = {isa = PBXFileReference; lastKnownFileType = sourcecode.c.objc; path = AppDelegate.m; sourceTree = "<group>"; };
		9AB13BD01CC20F6A001B8869 /* ViewController.h */ = {isa = PBXFileReference; lastKnownFileType = sourcecode.c.h; path = ViewController.h; sourceTree = "<group>"; };
		9AB13BD11CC20F6A001B8869 /* ViewController.m */ = {isa = PBXFileReference; lastKnownFileType = sourcecode.c.objc; path = ViewController.m; sourceTree = "<group>"; };
		9AB13BD71CC20F6A001B8869 /* VCHome.xcdatamodel */ = {isa = PBXFileReference; lastKnownFileType = wrapper.xcdatamodel; path = VCHome.xcdatamodel; sourceTree = "<group>"; };
		9AB13BD91CC20F6A001B8869 /* Assets.xcassets */ = {isa = PBXFileReference; lastKnownFileType = folder.assetcatalog; path = Assets.xcassets; sourceTree = "<group>"; };
		9AB13BDC1CC20F6A001B8869 /* Base */ = {isa = PBXFileReference; lastKnownFileType = file.storyboard; name = Base; path = Base.lproj/LaunchScreen.storyboard; sourceTree = "<group>"; };
		9AB13BDE1CC20F6A001B8869 /* Info.plist */ = {isa = PBXFileReference; lastKnownFileType = text.plist.xml; path = Info.plist; sourceTree = "<group>"; };
		9AB13BE31CC20F6A001B8869 /* VCHomeTests.xctest */ = {isa = PBXFileReference; explicitFileType = wrapper.cfbundle; includeInIndex = 0; path = VCHomeTests.xctest; sourceTree = BUILT_PRODUCTS_DIR; };
		9AB13BE71CC20F6A001B8869 /* VCHomeTests.m */ = {isa = PBXFileReference; lastKnownFileType = sourcecode.c.objc; path = VCHomeTests.m; sourceTree = "<group>"; };
		9AB13BE91CC20F6A001B8869 /* Info.plist */ = {isa = PBXFileReference; lastKnownFileType = text.plist.xml; path = Info.plist; sourceTree = "<group>"; };
		9AB13BEE1CC20F6A001B8869 /* VCHomeUITests.xctest */ = {isa = PBXFileReference; explicitFileType = wrapper.cfbundle; includeInIndex = 0; path = VCHomeUITests.xctest; sourceTree = BUILT_PRODUCTS_DIR; };
		9AB13BF21CC20F6A001B8869 /* VCHomeUITests.m */ = {isa = PBXFileReference; lastKnownFileType = sourcecode.c.objc; path = VCHomeUITests.m; sourceTree = "<group>"; };
		9AB13BF41CC20F6A001B8869 /* Info.plist */ = {isa = PBXFileReference; lastKnownFileType = text.plist.xml; path = Info.plist; sourceTree = "<group>"; };
		9AB13C061CC21EB7001B8869 /* StorageMgr.h */ = {isa = PBXFileReference; fileEncoding = 4; lastKnownFileType = sourcecode.c.h; path = StorageMgr.h; sourceTree = "<group>"; };
		9AB13C071CC21EB7001B8869 /* StorageMgr.m */ = {isa = PBXFileReference; fileEncoding = 4; lastKnownFileType = sourcecode.c.objc; path = StorageMgr.m; sourceTree = "<group>"; };
		9AB13C081CC21EB7001B8869 /* Utilities.h */ = {isa = PBXFileReference; fileEncoding = 4; lastKnownFileType = sourcecode.c.h; path = Utilities.h; sourceTree = "<group>"; };
		9AB13C091CC21EB7001B8869 /* Utilities.m */ = {isa = PBXFileReference; fileEncoding = 4; lastKnownFileType = sourcecode.c.objc; path = Utilities.m; sourceTree = "<group>"; };
		9AB13C0C1CC21ECE001B8869 /* Constants.h */ = {isa = PBXFileReference; lastKnownFileType = sourcecode.c.h; path = Constants.h; sourceTree = "<group>"; };
		9AB13C0D1CC21F10001B8869 /* PrefixHeader.pch */ = {isa = PBXFileReference; lastKnownFileType = sourcecode.c.h; path = PrefixHeader.pch; sourceTree = "<group>"; };
		9AB13C121CC2202A001B8869 /* AudioToolbox.framework */ = {isa = PBXFileReference; lastKnownFileType = wrapper.framework; name = AudioToolbox.framework; path = System/Library/Frameworks/AudioToolbox.framework; sourceTree = SDKROOT; };
		9AB13C141CC2203B001B8869 /* SystemConfiguration.framework */ = {isa = PBXFileReference; lastKnownFileType = wrapper.framework; name = SystemConfiguration.framework; path = System/Library/Frameworks/SystemConfiguration.framework; sourceTree = SDKROOT; };
		9AB13C161CC22051001B8869 /* libsqlite3.tbd */ = {isa = PBXFileReference; lastKnownFileType = "sourcecode.text-based-dylib-definition"; name = libsqlite3.tbd; path = usr/lib/libsqlite3.tbd; sourceTree = SDKROOT; };
		9AB13C181CC220EF001B8869 /* Social.framework */ = {isa = PBXFileReference; lastKnownFileType = wrapper.framework; name = Social.framework; path = System/Library/Frameworks/Social.framework; sourceTree = SDKROOT; };
		9AB13C1A1CC220FB001B8869 /* Accounts.framework */ = {isa = PBXFileReference; lastKnownFileType = wrapper.framework; name = Accounts.framework; path = System/Library/Frameworks/Accounts.framework; sourceTree = SDKROOT; };
		9AB13C1C1CC2210C001B8869 /* CoreLocation.framework */ = {isa = PBXFileReference; lastKnownFileType = wrapper.framework; name = CoreLocation.framework; path = System/Library/Frameworks/CoreLocation.framework; sourceTree = SDKROOT; };
		9AB13C1E1CC22117001B8869 /* StoreKit.framework */ = {isa = PBXFileReference; lastKnownFileType = wrapper.framework; name = StoreKit.framework; path = System/Library/Frameworks/StoreKit.framework; sourceTree = SDKROOT; };
		9AB13C201CC222C7001B8869 /* Bolts.framework */ = {isa = PBXFileReference; lastKnownFileType = wrapper.framework; name = Bolts.framework; path = VCHome/Bolts.framework; sourceTree = "<group>"; };
		9AB13C221CC222D2001B8869 /* Parse.framework */ = {isa = PBXFileReference; lastKnownFileType = wrapper.framework; name = Parse.framework; path = VCHome/Parse.framework; sourceTree = "<group>"; };
		9ADF46531CCE15DC0013D56D /* HelpViewController.m */ = {isa = PBXFileReference; fileEncoding = 4; lastKnownFileType = sourcecode.c.objc; path = HelpViewController.m; sourceTree = "<group>"; };
		9ADF46561CCE18120013D56D /* AboutUsViewController.h */ = {isa = PBXFileReference; fileEncoding = 4; lastKnownFileType = sourcecode.c.h; path = AboutUsViewController.h; sourceTree = "<group>"; };
		9ADF46571CCE18120013D56D /* AboutUsViewController.m */ = {isa = PBXFileReference; fileEncoding = 4; lastKnownFileType = sourcecode.c.objc; path = AboutUsViewController.m; sourceTree = "<group>"; };
		9ADF46671CCE19610013D56D /* PhotoCollectionViewCell.h */ = {isa = PBXFileReference; fileEncoding = 4; lastKnownFileType = sourcecode.c.h; path = PhotoCollectionViewCell.h; sourceTree = "<group>"; };
		9ADF46681CCE19610013D56D /* PhotoCollectionViewCell.m */ = {isa = PBXFileReference; fileEncoding = 4; lastKnownFileType = sourcecode.c.objc; path = PhotoCollectionViewCell.m; sourceTree = "<group>"; };
		9ADF46691CCE19610013D56D /* PlaceholderTextView.h */ = {isa = PBXFileReference; fileEncoding = 4; lastKnownFileType = sourcecode.c.h; path = PlaceholderTextView.h; sourceTree = "<group>"; };
		9ADF466A1CCE19610013D56D /* PlaceholderTextView.m */ = {isa = PBXFileReference; fileEncoding = 4; lastKnownFileType = sourcecode.c.objc; path = PlaceholderTextView.m; sourceTree = "<group>"; };
		9ADF466B1CCE19610013D56D /* UserFeedBackViewController.h */ = {isa = PBXFileReference; fileEncoding = 4; lastKnownFileType = sourcecode.c.h; path = UserFeedBackViewController.h; sourceTree = "<group>"; };
		9ADF466C1CCE19610013D56D /* UserFeedBackViewController.m */ = {isa = PBXFileReference; fileEncoding = 4; lastKnownFileType = sourcecode.c.objc; path = UserFeedBackViewController.m; sourceTree = "<group>"; };
		9ADF46701CCE1A3E0013D56D /* HelpViewController.h */ = {isa = PBXFileReference; fileEncoding = 4; lastKnownFileType = sourcecode.c.h; path = HelpViewController.h; sourceTree = "<group>"; };
		9ADF46711CCE1A3E0013D56D /* HelpViewController.m */ = {isa = PBXFileReference; fileEncoding = 4; lastKnownFileType = sourcecode.c.objc; path = HelpViewController.m; sourceTree = "<group>"; };
		9AE03C241CC5BFC50027801F /* WJDropdownMenu.h */ = {isa = PBXFileReference; fileEncoding = 4; lastKnownFileType = sourcecode.c.h; path = WJDropdownMenu.h; sourceTree = "<group>"; };
		9AE03C251CC5BFC50027801F /* WJDropdownMenu.m */ = {isa = PBXFileReference; fileEncoding = 4; lastKnownFileType = sourcecode.c.objc; path = WJDropdownMenu.m; sourceTree = "<group>"; };
		9AE03C271CC5D3830027801F /* ImageTableViewCell.h */ = {isa = PBXFileReference; fileEncoding = 4; lastKnownFileType = sourcecode.c.h; path = ImageTableViewCell.h; sourceTree = "<group>"; };
		9AE03C281CC5D3830027801F /* ImageTableViewCell.m */ = {isa = PBXFileReference; fileEncoding = 4; lastKnownFileType = sourcecode.c.objc; path = ImageTableViewCell.m; sourceTree = "<group>"; };
		9AE03C2D1CC64DA40027801F /* KSGuideManager.h */ = {isa = PBXFileReference; lastKnownFileType = sourcecode.c.h; path = KSGuideManager.h; sourceTree = "<group>"; };
		9AE03C2E1CC64DAA0027801F /* KSGuideManager.m */ = {isa = PBXFileReference; fileEncoding = 4; lastKnownFileType = sourcecode.c.objc; path = KSGuideManager.m; sourceTree = "<group>"; };
/* End PBXFileReference section */

/* Begin PBXFrameworksBuildPhase section */
		9AB13BC41CC20F6A001B8869 /* Frameworks */ = {
			isa = PBXFrameworksBuildPhase;
			buildActionMask = 2147483647;
			files = (
				9AB13C1D1CC2210C001B8869 /* CoreLocation.framework in Frameworks */,
				9A2646BD1CCA034400AE4189 /* MapKit.framework in Frameworks */,
				9AB13C231CC222D2001B8869 /* Parse.framework in Frameworks */,
				9AB13C211CC222C7001B8869 /* Bolts.framework in Frameworks */,
				9AB13C1F1CC22117001B8869 /* StoreKit.framework in Frameworks */,
				9AB13C1B1CC220FB001B8869 /* Accounts.framework in Frameworks */,
				9AB13C191CC220EF001B8869 /* Social.framework in Frameworks */,
				9AB13C171CC22051001B8869 /* libsqlite3.tbd in Frameworks */,
				9AB13C151CC2203B001B8869 /* SystemConfiguration.framework in Frameworks */,
				9AB13C131CC2202A001B8869 /* AudioToolbox.framework in Frameworks */,
				4ED47A4090D5062C518823B3 /* libPods.a in Frameworks */,
			);
			runOnlyForDeploymentPostprocessing = 0;
		};
		9AB13BE01CC20F6A001B8869 /* Frameworks */ = {
			isa = PBXFrameworksBuildPhase;
			buildActionMask = 2147483647;
			files = (
			);
			runOnlyForDeploymentPostprocessing = 0;
		};
		9AB13BEB1CC20F6A001B8869 /* Frameworks */ = {
			isa = PBXFrameworksBuildPhase;
			buildActionMask = 2147483647;
			files = (
			);
			runOnlyForDeploymentPostprocessing = 0;
		};
/* End PBXFrameworksBuildPhase section */

/* Begin PBXGroup section */
		156F58971CDEC97F002B919B /* SVProgressHUD */ = {
			isa = PBXGroup;
			children = (
				156F58981CDECA25002B919B /* SVProgressHUD.bundle */,
				156F58991CDECA25002B919B /* SVProgressHUD.h */,
				156F589A1CDECA25002B919B /* SVProgressHUD.m */,
			);
			name = SVProgressHUD;
			sourceTree = "<group>";
		};
		156F589D1CDECA68002B919B /* 时间选择器 */ = {
			isa = PBXGroup;
			children = (
				156F589E1CDECAF6002B919B /* ChooseTimeCollectionViewCell.h */,
				156F589F1CDECAF6002B919B /* ChooseTimeCollectionViewCell.m */,
				156F58A01CDECAF6002B919B /* ChooseTimeCollectionViewCell.xib */,
				156F58A11CDECAF6002B919B /* ChooseTimeViewController.h */,
				156F58A21CDECAF6002B919B /* ChooseTimeViewController.m */,
				156F58A31CDECAF6002B919B /* TimerCollectionReusableView.h */,
				156F58A41CDECAF6002B919B /* TimerCollectionReusableView.m */,
				156F58A51CDECAF6002B919B /* TimerCollectionReusableView.xib */,
			);
			name = "时间选择器";
			sourceTree = "<group>";
		};
		15AF4F121CC5C5FC00ABC6CB /* Framework */ = {
			isa = PBXGroup;
			children = (
				15AF4F131CC5C65100ABC6CB /* Banner.h */,
				15AF4F141CC5C65100ABC6CB /* Banner.m */,
				15AF4F151CC5C65100ABC6CB /* Timer.h */,
				15AF4F161CC5C65100ABC6CB /* Timer.m */,
			);
			name = Framework;
			sourceTree = "<group>";
		};
		3CFECEFC1CC9FE5F00BD361D /* LIb */ = {
			isa = PBXGroup;
			children = (
				3CFECEDB1CC9FE4300BD361D /* citydict.plist */,
				3CFECEDC1CC9FE4300BD361D /* CityViewCell.h */,
				3CFECEDD1CC9FE4300BD361D /* CityViewCell.m */,
				3CFECEDE1CC9FE4300BD361D /* CityViewCell.xib */,
				3CFECEDF1CC9FE4300BD361D /* HeadView.h */,
				3CFECEE01CC9FE4300BD361D /* HeadView.m */,
				3CFECEE11CC9FE4300BD361D /* HeadView.xib */,
				3CFECEE21CC9FE4300BD361D /* ItemViewCell.h */,
				3CFECEE31CC9FE4300BD361D /* ItemViewCell.m */,
				3CFECEE41CC9FE4300BD361D /* ItemViewCell.xib */,
				3CFECEE51CC9FE4300BD361D /* NBSearchController.h */,
				3CFECEE61CC9FE4300BD361D /* NBSearchController.m */,
				3CFECEE71CC9FE4300BD361D /* NBSearchResultController.h */,
				3CFECEE81CC9FE4300BD361D /* NBSearchResultController.m */,
				3CFECEE91CC9FE4300BD361D /* Public.h */,
				3CFECEEA1CC9FE4300BD361D /* RootViewController.h */,
				3CFECEEB1CC9FE4300BD361D /* RootViewController.m */,
				3CFECEEC1CC9FE4300BD361D /* SearchResult.h */,
				3CFECEED1CC9FE4300BD361D /* SearchResult.m */,
				3CFECEEE1CC9FE4300BD361D /* ZWCollectionViewFlowLayout.h */,
				3CFECEEF1CC9FE4300BD361D /* ZWCollectionViewFlowLayout.m */,
				3CFECEFE1CC9FE9600BD361D /* PinYin */,
				3CFECEFD1CC9FE7F00BD361D /* Category */,
			);
			name = LIb;
			sourceTree = "<group>";
		};
		3CFECEFD1CC9FE7F00BD361D /* Category */ = {
			isa = PBXGroup;
			children = (
				3CFECF171CC9FEBC00BD361D /* NSMutableArray+FilterElement.h */,
				3CFECF181CC9FEBC00BD361D /* NSMutableArray+FilterElement.m */,
			);
			name = Category;
			sourceTree = "<group>";
		};
		3CFECEFE1CC9FE9600BD361D /* PinYin */ = {
			isa = PBXGroup;
			children = (
				3CFECEFF1CC9FEAE00BD361D /* ChineseInclude.h */,
				3CFECF001CC9FEAE00BD361D /* ChineseInclude.m */,
				3CFECF011CC9FEAE00BD361D /* ChineseToPinyinResource.h */,
				3CFECF021CC9FEAE00BD361D /* ChineseToPinyinResource.m */,
				3CFECF031CC9FEAE00BD361D /* HanyuPinyinOutputFormat.h */,
				3CFECF041CC9FEAE00BD361D /* HanyuPinyinOutputFormat.m */,
				3CFECF051CC9FEAE00BD361D /* NSString+PinYin4Cocoa.h */,
				3CFECF061CC9FEAE00BD361D /* NSString+PinYin4Cocoa.m */,
				3CFECF071CC9FEAE00BD361D /* PinYin4Objc.h */,
				3CFECF081CC9FEAE00BD361D /* PinyinFormatter.h */,
				3CFECF091CC9FEAE00BD361D /* PinyinFormatter.m */,
				3CFECF0A1CC9FEAE00BD361D /* PinYinForObjc.h */,
				3CFECF0B1CC9FEAE00BD361D /* PinYinForObjc.m */,
				3CFECF0C1CC9FEAE00BD361D /* PinyinHelper.h */,
				3CFECF0D1CC9FEAE00BD361D /* PinyinHelper.m */,
				3CFECF0E1CC9FEAE00BD361D /* unicode_to_hanyu_pinyin.txt */,
			);
			name = PinYin;
			sourceTree = "<group>";
		};
		99F508CC2027A9E29DB4DE13 /* Frameworks */ = {
			isa = PBXGroup;
			children = (
				9A2646BC1CCA034400AE4189 /* MapKit.framework */,
				9AB13C221CC222D2001B8869 /* Parse.framework */,
				9AB13C201CC222C7001B8869 /* Bolts.framework */,
				9AB13C1E1CC22117001B8869 /* StoreKit.framework */,
				9AB13C1C1CC2210C001B8869 /* CoreLocation.framework */,
				9AB13C1A1CC220FB001B8869 /* Accounts.framework */,
				9AB13C181CC220EF001B8869 /* Social.framework */,
				9AB13C161CC22051001B8869 /* libsqlite3.tbd */,
				9AB13C141CC2203B001B8869 /* SystemConfiguration.framework */,
				9AB13C121CC2202A001B8869 /* AudioToolbox.framework */,
				3A6BDCDEBEC010026246D599 /* libPods.a */,
			);
			name = Frameworks;
			sourceTree = "<group>";
		};
		9AB13BBE1CC20F6A001B8869 = {
			isa = PBXGroup;
			children = (
				9AB13BC91CC20F6A001B8869 /* VCHome */,
				9AB13BE61CC20F6A001B8869 /* VCHomeTests */,
				9AB13BF11CC20F6A001B8869 /* VCHomeUITests */,
				9AB13BC81CC20F6A001B8869 /* Products */,
				D312BC92C67EDC1866F72071 /* Pods */,
				99F508CC2027A9E29DB4DE13 /* Frameworks */,
			);
			sourceTree = "<group>";
		};
		9AB13BC81CC20F6A001B8869 /* Products */ = {
			isa = PBXGroup;
			children = (
				9AB13BC71CC20F6A001B8869 /* VCHome.app */,
				9AB13BE31CC20F6A001B8869 /* VCHomeTests.xctest */,
				9AB13BEE1CC20F6A001B8869 /* VCHomeUITests.xctest */,
			);
			name = Products;
			sourceTree = "<group>";
		};
		9AB13BC91CC20F6A001B8869 /* VCHome */ = {
			isa = PBXGroup;
			children = (
				9AB13C051CC21DFA001B8869 /* Controller */,
				9AB13C041CC21DE1001B8869 /* Utility */,
				9AB13C031CC21DD8001B8869 /* 3rd */,
				9AB13C021CC21DC6001B8869 /* Constant */,
				9AB13C011CC21DB8001B8869 /* Model */,
				9AB13C001CC21D94001B8869 /* View */,
				9AB13BCA1CC20F6A001B8869 /* Supporting Files */,
			);
			path = VCHome;
			sourceTree = "<group>";
		};
		9AB13BCA1CC20F6A001B8869 /* Supporting Files */ = {
			isa = PBXGroup;
			children = (
				9AB13BDE1CC20F6A001B8869 /* Info.plist */,
				9AB13BCD1CC20F6A001B8869 /* AppDelegate.h */,
				9AB13BCE1CC20F6A001B8869 /* AppDelegate.m */,
				9AB13BCB1CC20F6A001B8869 /* main.m */,
				9AB13C0D1CC21F10001B8869 /* PrefixHeader.pch */,
			);
			name = "Supporting Files";
			sourceTree = "<group>";
		};
		9AB13BE61CC20F6A001B8869 /* VCHomeTests */ = {
			isa = PBXGroup;
			children = (
				9AB13BE71CC20F6A001B8869 /* VCHomeTests.m */,
				9AB13BE91CC20F6A001B8869 /* Info.plist */,
			);
			path = VCHomeTests;
			sourceTree = "<group>";
		};
		9AB13BF11CC20F6A001B8869 /* VCHomeUITests */ = {
			isa = PBXGroup;
			children = (
				9AB13BF21CC20F6A001B8869 /* VCHomeUITests.m */,
				9AB13BF41CC20F6A001B8869 /* Info.plist */,
			);
			path = VCHomeUITests;
			sourceTree = "<group>";
		};
		9AB13C001CC21D94001B8869 /* View */ = {
			isa = PBXGroup;
			children = (
				9A5D3D431CC34AE10014D6C4 /* Main.storyboard */,
				9AB13BD91CC20F6A001B8869 /* Assets.xcassets */,
				9AB13BDB1CC20F6A001B8869 /* LaunchScreen.storyboard */,
			);
			name = View;
			sourceTree = "<group>";
		};
		9AB13C011CC21DB8001B8869 /* Model */ = {
			isa = PBXGroup;
			children = (
				9AB13BD61CC20F6A001B8869 /* VCHome.xcdatamodeld */,
			);
			name = Model;
			sourceTree = "<group>";
		};
		9AB13C021CC21DC6001B8869 /* Constant */ = {
			isa = PBXGroup;
			children = (
				9AE03C241CC5BFC50027801F /* WJDropdownMenu.h */,
				9AE03C251CC5BFC50027801F /* WJDropdownMenu.m */,
				9AB13C0C1CC21ECE001B8869 /* Constants.h */,
			);
			name = Constant;
			sourceTree = "<group>";
		};
		9AB13C031CC21DD8001B8869 /* 3rd */ = {
			isa = PBXGroup;
			children = (
				156F58971CDEC97F002B919B /* SVProgressHUD */,
				9ADF46551CCE16040013D56D /* 意见反馈 */,
				3CFECEFC1CC9FE5F00BD361D /* LIb */,
				9AE03C301CC650C10027801F /* image */,
			);
			name = 3rd;
			sourceTree = "<group>";
		};
		9AB13C041CC21DE1001B8869 /* Utility */ = {
			isa = PBXGroup;
			children = (
				9A5D3D3D1CC32F610014D6C4 /* AppAPIClient.h */,
				9A5D3D3E1CC32F610014D6C4 /* AppAPIClient.m */,
				9A5D3D3F1CC32F610014D6C4 /* RequestAPI.h */,
				9A5D3D401CC32F610014D6C4 /* RequestAPI.m */,
				9AB13C061CC21EB7001B8869 /* StorageMgr.h */,
				9AB13C071CC21EB7001B8869 /* StorageMgr.m */,
				9AB13C081CC21EB7001B8869 /* Utilities.h */,
				9AB13C091CC21EB7001B8869 /* Utilities.m */,
			);
			name = Utility;
			sourceTree = "<group>";
		};
		9AB13C051CC21DFA001B8869 /* Controller */ = {
			isa = PBXGroup;
			children = (
				156F589D1CDECA68002B919B /* 时间选择器 */,
				15AF4F121CC5C5FC00ABC6CB /* Framework */,
				9AB13BD01CC20F6A001B8869 /* ViewController.h */,
				9AB13BD11CC20F6A001B8869 /* ViewController.m */,
				506337D01CC2524700BF3CA9 /* SignInViewController.h */,
				506337D11CC2524700BF3CA9 /* SignInViewController.m */,
				506337D61CC252C800BF3CA9 /* SignUpViewController.h */,
				506337D71CC252C800BF3CA9 /* SignUpViewController.m */,
				506337D91CC2531700BF3CA9 /* ForgetPwdViewController.h */,
				506337DA1CC2531700BF3CA9 /* ForgetPwdViewController.m */,
				9A7821FC1CC4768900A1F79B /* TabViewController.h */,
				9A7821FD1CC4768900A1F79B /* TabViewController.m */,
				9A7821FF1CC4780B00A1F79B /* LeftViewController.h */,
				9A7822001CC4780B00A1F79B /* LeftViewController.m */,
				9A7822051CC4797900A1F79B /* ZiJiaViewController.h */,
				9A7822061CC4797900A1F79B /* ZiJiaViewController.m */,
				9A7822021CC4795E00A1F79B /* ZhuanCheViewController.h */,
				9A7822031CC4795E00A1F79B /* ZhuanCheViewController.m */,
				9AE03C271CC5D3830027801F /* ImageTableViewCell.h */,
				9AE03C281CC5D3830027801F /* ImageTableViewCell.m */,
				9A2646BE1CCA176C00AE4189 /* CarDetailViewController.h */,
				9A2646BF1CCA176C00AE4189 /* CarDetailViewController.m */,
				9ADF46701CCE1A3E0013D56D /* HelpViewController.h */,
				9ADF46711CCE1A3E0013D56D /* HelpViewController.m */,
				9AABE8C51CCF6A12009C0F80 /* personalViewController.h */,
				9AABE8C61CCF6A12009C0F80 /* personalViewController.m */,
			);
			name = Controller;
			sourceTree = "<group>";
		};
		9ADF46551CCE16040013D56D /* 意见反馈 */ = {
			isa = PBXGroup;
			children = (
				9ADF46671CCE19610013D56D /* PhotoCollectionViewCell.h */,
				9ADF46681CCE19610013D56D /* PhotoCollectionViewCell.m */,
				9ADF46691CCE19610013D56D /* PlaceholderTextView.h */,
				9ADF466A1CCE19610013D56D /* PlaceholderTextView.m */,
				9ADF466B1CCE19610013D56D /* UserFeedBackViewController.h */,
				9ADF466C1CCE19610013D56D /* UserFeedBackViewController.m */,
				9ADF46561CCE18120013D56D /* AboutUsViewController.h */,
				9ADF46571CCE18120013D56D /* AboutUsViewController.m */,
			);
			name = "意见反馈";
			sourceTree = "<group>";
		};
		9AE03C301CC650C10027801F /* image */ = {
			isa = PBXGroup;
			children = (
				9ADF46531CCE15DC0013D56D /* HelpViewController.m */,
				9AE03C2E1CC64DAA0027801F /* KSGuideManager.m */,
				9AE03C2D1CC64DA40027801F /* KSGuideManager.h */,
				9AABE8BD1CCF4C78009C0F80 /* 11.jpg */,
				9AABE8BE1CCF4C78009C0F80 /* 12.jpg */,
				9AABE8BF1CCF4C78009C0F80 /* 13.jpg */,
				9AABE8C01CCF4C78009C0F80 /* 14.jpg */,
			);
			name = image;
			sourceTree = "<group>";
		};
		D312BC92C67EDC1866F72071 /* Pods */ = {
			isa = PBXGroup;
			children = (
				22A536F5BBE9FD4F85461942 /* Pods.debug.xcconfig */,
				17F7BD40296FD1A25AE44602 /* Pods.release.xcconfig */,
			);
			name = Pods;
			sourceTree = "<group>";
		};
/* End PBXGroup section */

/* Begin PBXNativeTarget section */
		9AB13BC61CC20F6A001B8869 /* VCHome */ = {
			isa = PBXNativeTarget;
			buildConfigurationList = 9AB13BF71CC20F6A001B8869 /* Build configuration list for PBXNativeTarget "VCHome" */;
			buildPhases = (
				65E2AFE704A07DA60D944E78 /* Check Pods Manifest.lock */,
				9AB13BC31CC20F6A001B8869 /* Sources */,
				9AB13BC41CC20F6A001B8869 /* Frameworks */,
				9AB13BC51CC20F6A001B8869 /* Resources */,
				6CA4374C32E1998FA3461A11 /* Embed Pods Frameworks */,
				66576F5D6854FB14BA529BFA /* Copy Pods Resources */,
			);
			buildRules = (
			);
			dependencies = (
			);
			name = VCHome;
			productName = VCHome;
			productReference = 9AB13BC71CC20F6A001B8869 /* VCHome.app */;
			productType = "com.apple.product-type.application";
		};
		9AB13BE21CC20F6A001B8869 /* VCHomeTests */ = {
			isa = PBXNativeTarget;
			buildConfigurationList = 9AB13BFA1CC20F6A001B8869 /* Build configuration list for PBXNativeTarget "VCHomeTests" */;
			buildPhases = (
				9AB13BDF1CC20F6A001B8869 /* Sources */,
				9AB13BE01CC20F6A001B8869 /* Frameworks */,
				9AB13BE11CC20F6A001B8869 /* Resources */,
			);
			buildRules = (
			);
			dependencies = (
				9AB13BE51CC20F6A001B8869 /* PBXTargetDependency */,
			);
			name = VCHomeTests;
			productName = VCHomeTests;
			productReference = 9AB13BE31CC20F6A001B8869 /* VCHomeTests.xctest */;
			productType = "com.apple.product-type.bundle.unit-test";
		};
		9AB13BED1CC20F6A001B8869 /* VCHomeUITests */ = {
			isa = PBXNativeTarget;
			buildConfigurationList = 9AB13BFD1CC20F6A001B8869 /* Build configuration list for PBXNativeTarget "VCHomeUITests" */;
			buildPhases = (
				9AB13BEA1CC20F6A001B8869 /* Sources */,
				9AB13BEB1CC20F6A001B8869 /* Frameworks */,
				9AB13BEC1CC20F6A001B8869 /* Resources */,
			);
			buildRules = (
			);
			dependencies = (
				9AB13BF01CC20F6A001B8869 /* PBXTargetDependency */,
			);
			name = VCHomeUITests;
			productName = VCHomeUITests;
			productReference = 9AB13BEE1CC20F6A001B8869 /* VCHomeUITests.xctest */;
			productType = "com.apple.product-type.bundle.ui-testing";
		};
/* End PBXNativeTarget section */

/* Begin PBXProject section */
		9AB13BBF1CC20F6A001B8869 /* Project object */ = {
			isa = PBXProject;
			attributes = {
				LastUpgradeCheck = 0720;
				ORGANIZATIONNAME = Cool;
				TargetAttributes = {
					9AB13BC61CC20F6A001B8869 = {
						CreatedOnToolsVersion = 7.2;
					};
					9AB13BE21CC20F6A001B8869 = {
						CreatedOnToolsVersion = 7.2;
						TestTargetID = 9AB13BC61CC20F6A001B8869;
					};
					9AB13BED1CC20F6A001B8869 = {
						CreatedOnToolsVersion = 7.2;
						TestTargetID = 9AB13BC61CC20F6A001B8869;
					};
				};
			};
			buildConfigurationList = 9AB13BC21CC20F6A001B8869 /* Build configuration list for PBXProject "VCHome" */;
			compatibilityVersion = "Xcode 3.2";
			developmentRegion = English;
			hasScannedForEncodings = 0;
			knownRegions = (
				en,
				Base,
			);
			mainGroup = 9AB13BBE1CC20F6A001B8869;
			productRefGroup = 9AB13BC81CC20F6A001B8869 /* Products */;
			projectDirPath = "";
			projectRoot = "";
			targets = (
				9AB13BC61CC20F6A001B8869 /* VCHome */,
				9AB13BE21CC20F6A001B8869 /* VCHomeTests */,
				9AB13BED1CC20F6A001B8869 /* VCHomeUITests */,
			);
		};
/* End PBXProject section */

/* Begin PBXResourcesBuildPhase section */
		9AB13BC51CC20F6A001B8869 /* Resources */ = {
			isa = PBXResourcesBuildPhase;
			buildActionMask = 2147483647;
			files = (
				9AABE8C21CCF4C78009C0F80 /* 12.jpg in Resources */,
				3CFECF161CC9FEAE00BD361D /* unicode_to_hanyu_pinyin.txt in Resources */,
				156F58AA1CDECAF6002B919B /* TimerCollectionReusableView.xib in Resources */,
				3CFECEF61CC9FE4300BD361D /* ItemViewCell.xib in Resources */,
				3CFECEF21CC9FE4300BD361D /* CityViewCell.xib in Resources */,
				9AABE8C11CCF4C78009C0F80 /* 11.jpg in Resources */,
				9AABE8C31CCF4C78009C0F80 /* 13.jpg in Resources */,
				156F58A71CDECAF6002B919B /* ChooseTimeCollectionViewCell.xib in Resources */,
				9AABE8C41CCF4C78009C0F80 /* 14.jpg in Resources */,
				3CFECEF41CC9FE4300BD361D /* HeadView.xib in Resources */,
				156F589B1CDECA25002B919B /* SVProgressHUD.bundle in Resources */,
				9A5D3D441CC34AE10014D6C4 /* Main.storyboard in Resources */,
				9AB13BDD1CC20F6A001B8869 /* LaunchScreen.storyboard in Resources */,
				3CFECEF01CC9FE4300BD361D /* citydict.plist in Resources */,
				9AB13BDA1CC20F6A001B8869 /* Assets.xcassets in Resources */,
			);
			runOnlyForDeploymentPostprocessing = 0;
		};
		9AB13BE11CC20F6A001B8869 /* Resources */ = {
			isa = PBXResourcesBuildPhase;
			buildActionMask = 2147483647;
			files = (
			);
			runOnlyForDeploymentPostprocessing = 0;
		};
		9AB13BEC1CC20F6A001B8869 /* Resources */ = {
			isa = PBXResourcesBuildPhase;
			buildActionMask = 2147483647;
			files = (
			);
			runOnlyForDeploymentPostprocessing = 0;
		};
/* End PBXResourcesBuildPhase section */

/* Begin PBXShellScriptBuildPhase section */
		65E2AFE704A07DA60D944E78 /* Check Pods Manifest.lock */ = {
			isa = PBXShellScriptBuildPhase;
			buildActionMask = 2147483647;
			files = (
			);
			inputPaths = (
			);
			name = "Check Pods Manifest.lock";
			outputPaths = (
			);
			runOnlyForDeploymentPostprocessing = 0;
			shellPath = /bin/sh;
			shellScript = "diff \"${PODS_ROOT}/../Podfile.lock\" \"${PODS_ROOT}/Manifest.lock\" > /dev/null\nif [[ $? != 0 ]] ; then\n    cat << EOM\nerror: The sandbox is not in sync with the Podfile.lock. Run 'pod install' or update your CocoaPods installation.\nEOM\n    exit 1\nfi\n";
			showEnvVarsInLog = 0;
		};
		66576F5D6854FB14BA529BFA /* Copy Pods Resources */ = {
			isa = PBXShellScriptBuildPhase;
			buildActionMask = 2147483647;
			files = (
			);
			inputPaths = (
			);
			name = "Copy Pods Resources";
			outputPaths = (
			);
			runOnlyForDeploymentPostprocessing = 0;
			shellPath = /bin/sh;
			shellScript = "\"${SRCROOT}/Pods/Target Support Files/Pods/Pods-resources.sh\"\n";
			showEnvVarsInLog = 0;
		};
		6CA4374C32E1998FA3461A11 /* Embed Pods Frameworks */ = {
			isa = PBXShellScriptBuildPhase;
			buildActionMask = 2147483647;
			files = (
			);
			inputPaths = (
			);
			name = "Embed Pods Frameworks";
			outputPaths = (
			);
			runOnlyForDeploymentPostprocessing = 0;
			shellPath = /bin/sh;
			shellScript = "\"${SRCROOT}/Pods/Target Support Files/Pods/Pods-frameworks.sh\"\n";
			showEnvVarsInLog = 0;
		};
/* End PBXShellScriptBuildPhase section */

/* Begin PBXSourcesBuildPhase section */
		9AB13BC31CC20F6A001B8869 /* Sources */ = {
			isa = PBXSourcesBuildPhase;
			buildActionMask = 2147483647;
			files = (
				3CFECF151CC9FEAE00BD361D /* PinyinHelper.m in Sources */,
				9A7821FE1CC4768900A1F79B /* TabViewController.m in Sources */,
				3CFECF141CC9FEAE00BD361D /* PinYinForObjc.m in Sources */,
				3CFECF131CC9FEAE00BD361D /* PinyinFormatter.m in Sources */,
				506337DB1CC2531700BF3CA9 /* ForgetPwdViewController.m in Sources */,
				9A2646C01CCA176C00AE4189 /* CarDetailViewController.m in Sources */,
				9A7822071CC4797900A1F79B /* ZiJiaViewController.m in Sources */,
				3CFECF101CC9FEAE00BD361D /* ChineseToPinyinResource.m in Sources */,
				9AABE8C71CCF6A12009C0F80 /* personalViewController.m in Sources */,
				156F58A91CDECAF6002B919B /* TimerCollectionReusableView.m in Sources */,
				156F589C1CDECA25002B919B /* SVProgressHUD.m in Sources */,
				3CFECEF51CC9FE4300BD361D /* ItemViewCell.m in Sources */,
				9A5D3D411CC32F610014D6C4 /* AppAPIClient.m in Sources */,
				3CFECEF91CC9FE4300BD361D /* RootViewController.m in Sources */,
				506337D21CC2524700BF3CA9 /* SignInViewController.m in Sources */,
				9AB13C0B1CC21EB7001B8869 /* Utilities.m in Sources */,
				9ADF466D1CCE19610013D56D /* PhotoCollectionViewCell.m in Sources */,
				3CFECF111CC9FEAE00BD361D /* HanyuPinyinOutputFormat.m in Sources */,
				9ADF46581CCE18120013D56D /* AboutUsViewController.m in Sources */,
				9AB13BD21CC20F6A001B8869 /* ViewController.m in Sources */,
				9AB13BD81CC20F6A001B8869 /* VCHome.xcdatamodeld in Sources */,
				9ADF46721CCE1A3E0013D56D /* HelpViewController.m in Sources */,
				9ADF466F1CCE19610013D56D /* UserFeedBackViewController.m in Sources */,
				3CFECEFB1CC9FE4300BD361D /* ZWCollectionViewFlowLayout.m in Sources */,
				3CFECEF31CC9FE4300BD361D /* HeadView.m in Sources */,
				9AE03C2F1CC64DAA0027801F /* KSGuideManager.m in Sources */,
				9AB13BCF1CC20F6A001B8869 /* AppDelegate.m in Sources */,
				3CFECEFA1CC9FE4300BD361D /* SearchResult.m in Sources */,
				9A5D3D421CC32F610014D6C4 /* RequestAPI.m in Sources */,
				9AB13BCC1CC20F6A001B8869 /* main.m in Sources */,
				3CFECF0F1CC9FEAE00BD361D /* ChineseInclude.m in Sources */,
				3CFECF191CC9FEBC00BD361D /* NSMutableArray+FilterElement.m in Sources */,
				156F58A61CDECAF6002B919B /* ChooseTimeCollectionViewCell.m in Sources */,
				156F58A81CDECAF6002B919B /* ChooseTimeViewController.m in Sources */,
				3CFECEF11CC9FE4300BD361D /* CityViewCell.m in Sources */,
				3CFECEF71CC9FE4300BD361D /* NBSearchController.m in Sources */,
				9A7822041CC4795E00A1F79B /* ZhuanCheViewController.m in Sources */,
				3CFECEF81CC9FE4300BD361D /* NBSearchResultController.m in Sources */,
				506337D81CC252C800BF3CA9 /* SignUpViewController.m in Sources */,
				9A7822011CC4780B00A1F79B /* LeftViewController.m in Sources */,
				3CFECF121CC9FEAE00BD361D /* NSString+PinYin4Cocoa.m in Sources */,
				9AE03C291CC5D3830027801F /* ImageTableViewCell.m in Sources */,
				9AE03C261CC5BFC50027801F /* WJDropdownMenu.m in Sources */,
				15AF4F181CC5C65100ABC6CB /* Timer.m in Sources */,
				15AF4F171CC5C65100ABC6CB /* Banner.m in Sources */,
				9ADF466E1CCE19610013D56D /* PlaceholderTextView.m in Sources */,
				9AB13C0A1CC21EB7001B8869 /* StorageMgr.m in Sources */,
			);
			runOnlyForDeploymentPostprocessing = 0;
		};
		9AB13BDF1CC20F6A001B8869 /* Sources */ = {
			isa = PBXSourcesBuildPhase;
			buildActionMask = 2147483647;
			files = (
				9AB13BE81CC20F6A001B8869 /* VCHomeTests.m in Sources */,
			);
			runOnlyForDeploymentPostprocessing = 0;
		};
		9AB13BEA1CC20F6A001B8869 /* Sources */ = {
			isa = PBXSourcesBuildPhase;
			buildActionMask = 2147483647;
			files = (
				9AB13BF31CC20F6A001B8869 /* VCHomeUITests.m in Sources */,
			);
			runOnlyForDeploymentPostprocessing = 0;
		};
/* End PBXSourcesBuildPhase section */

/* Begin PBXTargetDependency section */
		9AB13BE51CC20F6A001B8869 /* PBXTargetDependency */ = {
			isa = PBXTargetDependency;
			target = 9AB13BC61CC20F6A001B8869 /* VCHome */;
			targetProxy = 9AB13BE41CC20F6A001B8869 /* PBXContainerItemProxy */;
		};
		9AB13BF01CC20F6A001B8869 /* PBXTargetDependency */ = {
			isa = PBXTargetDependency;
			target = 9AB13BC61CC20F6A001B8869 /* VCHome */;
			targetProxy = 9AB13BEF1CC20F6A001B8869 /* PBXContainerItemProxy */;
		};
/* End PBXTargetDependency section */

/* Begin PBXVariantGroup section */
		9AB13BDB1CC20F6A001B8869 /* LaunchScreen.storyboard */ = {
			isa = PBXVariantGroup;
			children = (
				9AB13BDC1CC20F6A001B8869 /* Base */,
			);
			name = LaunchScreen.storyboard;
			sourceTree = "<group>";
		};
/* End PBXVariantGroup section */

/* Begin XCBuildConfiguration section */
		9AB13BF51CC20F6A001B8869 /* Debug */ = {
			isa = XCBuildConfiguration;
			buildSettings = {
				ALWAYS_SEARCH_USER_PATHS = NO;
				CLANG_CXX_LANGUAGE_STANDARD = "gnu++0x";
				CLANG_CXX_LIBRARY = "libc++";
				CLANG_ENABLE_MODULES = YES;
				CLANG_ENABLE_OBJC_ARC = YES;
				CLANG_WARN_BOOL_CONVERSION = YES;
				CLANG_WARN_CONSTANT_CONVERSION = YES;
				CLANG_WARN_DIRECT_OBJC_ISA_USAGE = YES_ERROR;
				CLANG_WARN_EMPTY_BODY = YES;
				CLANG_WARN_ENUM_CONVERSION = YES;
				CLANG_WARN_INT_CONVERSION = YES;
				CLANG_WARN_OBJC_ROOT_CLASS = YES_ERROR;
				CLANG_WARN_UNREACHABLE_CODE = YES;
				CLANG_WARN__DUPLICATE_METHOD_MATCH = YES;
				"CODE_SIGN_IDENTITY[sdk=iphoneos*]" = "iPhone Developer";
				COPY_PHASE_STRIP = NO;
				DEBUG_INFORMATION_FORMAT = dwarf;
				ENABLE_STRICT_OBJC_MSGSEND = YES;
				ENABLE_TESTABILITY = YES;
				GCC_C_LANGUAGE_STANDARD = gnu99;
				GCC_DYNAMIC_NO_PIC = NO;
				GCC_NO_COMMON_BLOCKS = YES;
				GCC_OPTIMIZATION_LEVEL = 0;
				GCC_PREPROCESSOR_DEFINITIONS = (
					"DEBUG=1",
					"$(inherited)",
				);
				GCC_WARN_64_TO_32_BIT_CONVERSION = YES;
				GCC_WARN_ABOUT_RETURN_TYPE = YES_ERROR;
				GCC_WARN_UNDECLARED_SELECTOR = YES;
				GCC_WARN_UNINITIALIZED_AUTOS = YES_AGGRESSIVE;
				GCC_WARN_UNUSED_FUNCTION = YES;
				GCC_WARN_UNUSED_VARIABLE = YES;
				IPHONEOS_DEPLOYMENT_TARGET = 9.2;
				MTL_ENABLE_DEBUG_INFO = YES;
				ONLY_ACTIVE_ARCH = YES;
				SDKROOT = iphoneos;
			};
			name = Debug;
		};
		9AB13BF61CC20F6A001B8869 /* Release */ = {
			isa = XCBuildConfiguration;
			buildSettings = {
				ALWAYS_SEARCH_USER_PATHS = NO;
				CLANG_CXX_LANGUAGE_STANDARD = "gnu++0x";
				CLANG_CXX_LIBRARY = "libc++";
				CLANG_ENABLE_MODULES = YES;
				CLANG_ENABLE_OBJC_ARC = YES;
				CLANG_WARN_BOOL_CONVERSION = YES;
				CLANG_WARN_CONSTANT_CONVERSION = YES;
				CLANG_WARN_DIRECT_OBJC_ISA_USAGE = YES_ERROR;
				CLANG_WARN_EMPTY_BODY = YES;
				CLANG_WARN_ENUM_CONVERSION = YES;
				CLANG_WARN_INT_CONVERSION = YES;
				CLANG_WARN_OBJC_ROOT_CLASS = YES_ERROR;
				CLANG_WARN_UNREACHABLE_CODE = YES;
				CLANG_WARN__DUPLICATE_METHOD_MATCH = YES;
				"CODE_SIGN_IDENTITY[sdk=iphoneos*]" = "iPhone Developer";
				COPY_PHASE_STRIP = NO;
				DEBUG_INFORMATION_FORMAT = "dwarf-with-dsym";
				ENABLE_NS_ASSERTIONS = NO;
				ENABLE_STRICT_OBJC_MSGSEND = YES;
				GCC_C_LANGUAGE_STANDARD = gnu99;
				GCC_NO_COMMON_BLOCKS = YES;
				GCC_WARN_64_TO_32_BIT_CONVERSION = YES;
				GCC_WARN_ABOUT_RETURN_TYPE = YES_ERROR;
				GCC_WARN_UNDECLARED_SELECTOR = YES;
				GCC_WARN_UNINITIALIZED_AUTOS = YES_AGGRESSIVE;
				GCC_WARN_UNUSED_FUNCTION = YES;
				GCC_WARN_UNUSED_VARIABLE = YES;
				IPHONEOS_DEPLOYMENT_TARGET = 9.2;
				MTL_ENABLE_DEBUG_INFO = NO;
				SDKROOT = iphoneos;
				VALIDATE_PRODUCT = YES;
			};
			name = Release;
		};
		9AB13BF81CC20F6A001B8869 /* Debug */ = {
			isa = XCBuildConfiguration;
			baseConfigurationReference = 22A536F5BBE9FD4F85461942 /* Pods.debug.xcconfig */;
			buildSettings = {
				ASSETCATALOG_COMPILER_APPICON_NAME = AppIcon;
				FRAMEWORK_SEARCH_PATHS = (
					"$(inherited)",
					"$(PROJECT_DIR)/VCHome",
				);
				GCC_PRECOMPILE_PREFIX_HEADER = YES;
				GCC_PREFIX_HEADER = VCHome/PrefixHeader.pch;
				INFOPLIST_FILE = VCHome/Info.plist;
				IPHONEOS_DEPLOYMENT_TARGET = 9.1;
				LD_RUNPATH_SEARCH_PATHS = "$(inherited) @executable_path/Frameworks";
				PRODUCT_BUNDLE_IDENTIFIER = vch.VCHome;
				PRODUCT_NAME = "$(TARGET_NAME)";
			};
			name = Debug;
		};
		9AB13BF91CC20F6A001B8869 /* Release */ = {
			isa = XCBuildConfiguration;
			baseConfigurationReference = 17F7BD40296FD1A25AE44602 /* Pods.release.xcconfig */;
			buildSettings = {
				ASSETCATALOG_COMPILER_APPICON_NAME = AppIcon;
				FRAMEWORK_SEARCH_PATHS = (
					"$(inherited)",
					"$(PROJECT_DIR)/VCHome",
				);
				GCC_PRECOMPILE_PREFIX_HEADER = YES;
				GCC_PREFIX_HEADER = VCHome/PrefixHeader.pch;
				INFOPLIST_FILE = VCHome/Info.plist;
				IPHONEOS_DEPLOYMENT_TARGET = 9.1;
				LD_RUNPATH_SEARCH_PATHS = "$(inherited) @executable_path/Frameworks";
				PRODUCT_BUNDLE_IDENTIFIER = vch.VCHome;
				PRODUCT_NAME = "$(TARGET_NAME)";
			};
			name = Release;
		};
		9AB13BFB1CC20F6A001B8869 /* Debug */ = {
			isa = XCBuildConfiguration;
			buildSettings = {
				BUNDLE_LOADER = "$(TEST_HOST)";
				INFOPLIST_FILE = VCHomeTests/Info.plist;
				LD_RUNPATH_SEARCH_PATHS = "$(inherited) @executable_path/Frameworks @loader_path/Frameworks";
				PRODUCT_BUNDLE_IDENTIFIER = vch.VCHomeTests;
				PRODUCT_NAME = "$(TARGET_NAME)";
				TEST_HOST = "$(BUILT_PRODUCTS_DIR)/VCHome.app/VCHome";
			};
			name = Debug;
		};
		9AB13BFC1CC20F6A001B8869 /* Release */ = {
			isa = XCBuildConfiguration;
			buildSettings = {
				BUNDLE_LOADER = "$(TEST_HOST)";
				INFOPLIST_FILE = VCHomeTests/Info.plist;
				LD_RUNPATH_SEARCH_PATHS = "$(inherited) @executable_path/Frameworks @loader_path/Frameworks";
				PRODUCT_BUNDLE_IDENTIFIER = vch.VCHomeTests;
				PRODUCT_NAME = "$(TARGET_NAME)";
				TEST_HOST = "$(BUILT_PRODUCTS_DIR)/VCHome.app/VCHome";
			};
			name = Release;
		};
		9AB13BFE1CC20F6A001B8869 /* Debug */ = {
			isa = XCBuildConfiguration;
			buildSettings = {
				INFOPLIST_FILE = VCHomeUITests/Info.plist;
				LD_RUNPATH_SEARCH_PATHS = "$(inherited) @executable_path/Frameworks @loader_path/Frameworks";
				PRODUCT_BUNDLE_IDENTIFIER = vch.VCHomeUITests;
				PRODUCT_NAME = "$(TARGET_NAME)";
				TEST_TARGET_NAME = VCHome;
				USES_XCTRUNNER = YES;
			};
			name = Debug;
		};
		9AB13BFF1CC20F6A001B8869 /* Release */ = {
			isa = XCBuildConfiguration;
			buildSettings = {
				INFOPLIST_FILE = VCHomeUITests/Info.plist;
				LD_RUNPATH_SEARCH_PATHS = "$(inherited) @executable_path/Frameworks @loader_path/Frameworks";
				PRODUCT_BUNDLE_IDENTIFIER = vch.VCHomeUITests;
				PRODUCT_NAME = "$(TARGET_NAME)";
				TEST_TARGET_NAME = VCHome;
				USES_XCTRUNNER = YES;
			};
			name = Release;
		};
/* End XCBuildConfiguration section */

/* Begin XCConfigurationList section */
		9AB13BC21CC20F6A001B8869 /* Build configuration list for PBXProject "VCHome" */ = {
			isa = XCConfigurationList;
			buildConfigurations = (
				9AB13BF51CC20F6A001B8869 /* Debug */,
				9AB13BF61CC20F6A001B8869 /* Release */,
			);
			defaultConfigurationIsVisible = 0;
			defaultConfigurationName = Release;
		};
		9AB13BF71CC20F6A001B8869 /* Build configuration list for PBXNativeTarget "VCHome" */ = {
			isa = XCConfigurationList;
			buildConfigurations = (
				9AB13BF81CC20F6A001B8869 /* Debug */,
				9AB13BF91CC20F6A001B8869 /* Release */,
			);
			defaultConfigurationIsVisible = 0;
			defaultConfigurationName = Release;
		};
		9AB13BFA1CC20F6A001B8869 /* Build configuration list for PBXNativeTarget "VCHomeTests" */ = {
			isa = XCConfigurationList;
			buildConfigurations = (
				9AB13BFB1CC20F6A001B8869 /* Debug */,
				9AB13BFC1CC20F6A001B8869 /* Release */,
			);
			defaultConfigurationIsVisible = 0;
			defaultConfigurationName = Release;
		};
		9AB13BFD1CC20F6A001B8869 /* Build configuration list for PBXNativeTarget "VCHomeUITests" */ = {
			isa = XCConfigurationList;
			buildConfigurations = (
				9AB13BFE1CC20F6A001B8869 /* Debug */,
				9AB13BFF1CC20F6A001B8869 /* Release */,
			);
			defaultConfigurationIsVisible = 0;
			defaultConfigurationName = Release;
		};
/* End XCConfigurationList section */

/* Begin XCVersionGroup section */
		9AB13BD61CC20F6A001B8869 /* VCHome.xcdatamodeld */ = {
			isa = XCVersionGroup;
			children = (
				9AB13BD71CC20F6A001B8869 /* VCHome.xcdatamodel */,
			);
			currentVersion = 9AB13BD71CC20F6A001B8869 /* VCHome.xcdatamodel */;
			path = VCHome.xcdatamodeld;
			sourceTree = "<group>";
			versionGroupType = wrapper.xcdatamodel;
		};
/* End XCVersionGroup section */
	};
	rootObject = 9AB13BBF1CC20F6A001B8869 /* Project object */;
}
